// !$*UTF8*$!
{
	archiveVersion = 1;
	classes = {
	};
	objectVersion = 46;
	objects = {
/* Begin PBXBuildFile section */
		0ABEA448E7F04A899FB2DD48 /* CDVNotification.bundle in Resources */ = {isa = PBXBuildFile; fileRef = 71E2CB8218354D6188DE1788 /* CDVNotification.bundle */; };
		0D180227E9E44F5FA0AD3A4A /* UIKit.framework in Frameworks */ = {isa = PBXBuildFile; fileRef = 04B1D2699F4D415E89160F38 /* UIKit.framework */; };
		173C8DE856494359858F5CD0 /* CDVFile.m in Sources */ = {isa = PBXBuildFile; fileRef = 4CAC6B19DCB147EEB14E40C4 /* CDVFile.m */; };
		19C490ACF3AC4E5183E57149 /* SystemConfiguration.framework in Frameworks */ = {isa = PBXBuildFile; fileRef = 4D5012CF737A4A66BB3CEC48 /* SystemConfiguration.framework */; };
		19D31DF2A2714D3896D377D6 /* CoreMotion.framework in Frameworks */ = {isa = PBXBuildFile; fileRef = 8478AD4C2B6940E7ACE34B5C /* CoreMotion.framework */; };
		1D010B83334E480DB5730238 /* Foundation.framework in Frameworks */ = {isa = PBXBuildFile; fileRef = 0EB72681BA0B4C979E362617 /* Foundation.framework */; };
		1D3623260D0F684500981E51 /* AppDelegate.m in Sources */ = {isa = PBXBuildFile; fileRef = 1D3623250D0F684500981E51 /* AppDelegate.m */; };
		1D60589B0D05DD56006BFB54 /* main.m in Sources */ = {isa = PBXBuildFile; fileRef = 29B97316FDCFA39411CA2CEA /* main.m */; };
		2062D828BD134079A2B5D50B /* CDVLocalFilesystem.m in Sources */ = {isa = PBXBuildFile; fileRef = 477D7EEBBF3C468AB9600368 /* CDVLocalFilesystem.m */; };
		288765FD0DF74451002DB57D /* CoreGraphics.framework in Frameworks */ = {isa = PBXBuildFile; fileRef = 288765FC0DF74451002DB57D /* CoreGraphics.framework */; };
		28E6A9F09BAA49AA9336A85C /* AudioToolbox.framework in Frameworks */ = {isa = PBXBuildFile; fileRef = 329850943E5C4661AA007F25 /* AudioToolbox.framework */; settings = {ATTRIBUTES = (Weak, ); }; };
		2FCE13D03F9B4C5DBEC98974 /* CDVNotification.m in Sources */ = {isa = PBXBuildFile; fileRef = A6E5B62815B741B784261282 /* CDVNotification.m */; };
		301BF552109A68D80062928A /* libCordova.a in Frameworks */ = {isa = PBXBuildFile; fileRef = 301BF535109A57CC0062928A /* libCordova.a */; };
		302D95F114D2391D003F00A1 /* MainViewController.m in Sources */ = {isa = PBXBuildFile; fileRef = 302D95EF14D2391D003F00A1 /* MainViewController.m */; };
		302D95F214D2391D003F00A1 /* MainViewController.xib in Resources */ = {isa = PBXBuildFile; fileRef = 302D95F014D2391D003F00A1 /* MainViewController.xib */; };
		305D5FD1115AB8F900A74A75 /* MobileCoreServices.framework in Frameworks */ = {isa = PBXBuildFile; fileRef = 305D5FD0115AB8F900A74A75 /* MobileCoreServices.framework */; };
		3088BBBD154F3926009F9C59 /* Default-Landscape@2x~ipad.png in Resources */ = {isa = PBXBuildFile; fileRef = 3088BBB7154F3926009F9C59 /* Default-Landscape@2x~ipad.png */; };
		3088BBBE154F3926009F9C59 /* Default-Landscape~ipad.png in Resources */ = {isa = PBXBuildFile; fileRef = 3088BBB8154F3926009F9C59 /* Default-Landscape~ipad.png */; };
		3088BBBF154F3926009F9C59 /* Default-Portrait@2x~ipad.png in Resources */ = {isa = PBXBuildFile; fileRef = 3088BBB9154F3926009F9C59 /* Default-Portrait@2x~ipad.png */; };
		3088BBC0154F3926009F9C59 /* Default-Portrait~ipad.png in Resources */ = {isa = PBXBuildFile; fileRef = 3088BBBA154F3926009F9C59 /* Default-Portrait~ipad.png */; };
		3088BBC1154F3926009F9C59 /* Default@2x~iphone.png in Resources */ = {isa = PBXBuildFile; fileRef = 3088BBBB154F3926009F9C59 /* Default@2x~iphone.png */; };
		3088BBC2154F3926009F9C59 /* Default~iphone.png in Resources */ = {isa = PBXBuildFile; fileRef = 3088BBBC154F3926009F9C59 /* Default~iphone.png */; };
		308D05371370CCF300D202BF /* icon-72.png in Resources */ = {isa = PBXBuildFile; fileRef = 308D052E1370CCF300D202BF /* icon-72.png */; };
		308D05381370CCF300D202BF /* icon.png in Resources */ = {isa = PBXBuildFile; fileRef = 308D052F1370CCF300D202BF /* icon.png */; };
		308D05391370CCF300D202BF /* icon@2x.png in Resources */ = {isa = PBXBuildFile; fileRef = 308D05301370CCF300D202BF /* icon@2x.png */; };
		30B4F30019D5E07200D9F7D8 /* Default-667h.png in Resources */ = {isa = PBXBuildFile; fileRef = 30B4F2FD19D5E07200D9F7D8 /* Default-667h.png */; };
		30B4F30119D5E07200D9F7D8 /* Default-736h.png in Resources */ = {isa = PBXBuildFile; fileRef = 30B4F2FE19D5E07200D9F7D8 /* Default-736h.png */; };
		30B4F30219D5E07200D9F7D8 /* Default-Landscape-736h.png in Resources */ = {isa = PBXBuildFile; fileRef = 30B4F2FF19D5E07200D9F7D8 /* Default-Landscape-736h.png */; };
		30C1856619D5FC0A00212699 /* icon-60@3x.png in Resources */ = {isa = PBXBuildFile; fileRef = 30C1856519D5FC0A00212699 /* icon-60@3x.png */; };
		30FC414916E50CA1004E6F35 /* icon-72@2x.png in Resources */ = {isa = PBXBuildFile; fileRef = 30FC414816E50CA1004E6F35 /* icon-72@2x.png */; };
		327840516CB14693B4D65171 /* AVFoundation.framework in Frameworks */ = {isa = PBXBuildFile; fileRef = 0497DE40E19F47B488870592 /* AVFoundation.framework */; };
		33F41425D94A4D58838ADDF2 /* CFNetwork.framework in Frameworks */ = {isa = PBXBuildFile; fileRef = D4ADA99D9DB345A6B00135AF /* CFNetwork.framework */; };
		3C6C1310F89E4820A36D2F43 /* WTWikitudePlugin.m in Sources */ = {isa = PBXBuildFile; fileRef = 122D178C6AF14C1E87B22467 /* WTWikitudePlugin.m */; };
		3E2C4B775E484D718ED9574C /* QuartzCore.framework in Frameworks */ = {isa = PBXBuildFile; fileRef = 12308675488F45EAA62A5D9A /* QuartzCore.framework */; };
		3F7DA3850A7B4930BE23CB1C /* CDVSplashScreen.m in Sources */ = {isa = PBXBuildFile; fileRef = E7560C4383C144F0A8BF5BEA /* CDVSplashScreen.m */; };
		5A1609A1D508463D9CF7E3E7 /* startApp.m in Sources */ = {isa = PBXBuildFile; fileRef = 3E6859F0DB7C48C9A0321557 /* startApp.m */; };
		5B1594DD16A7569C00FEF299 /* AssetsLibrary.framework in Frameworks */ = {isa = PBXBuildFile; fileRef = 5B1594DC16A7569C00FEF299 /* AssetsLibrary.framework */; };
		5D7886DEC1154B7CBEEA961B /* ProgressIndicator.bundle in Resources */ = {isa = PBXBuildFile; fileRef = 7AA81C5A46FA4A66A856C31E /* ProgressIndicator.bundle */; };
		6FC32E04767A4E888B6F49D8 /* CDVBackgroundGeoLocation.m in Sources */ = {isa = PBXBuildFile; fileRef = ACD91E1F8D7248E19FB8AEFF /* CDVBackgroundGeoLocation.m */; };
		7955C233AA694564A557FAA1 /* CDVDevice.m in Sources */ = {isa = PBXBuildFile; fileRef = 8584997900F048F8AE42DFCB /* CDVDevice.m */; };
		7AD3389CEE2C4577AB05BD06 /* CDVViewController+SplashScreen.m in Sources */ = {isa = PBXBuildFile; fileRef = 4DC3291B266B4FDFBE07FA9A /* CDVViewController+SplashScreen.m */; };
		7E7966DE1810823500FA85AD /* icon-40.png in Resources */ = {isa = PBXBuildFile; fileRef = 7E7966D41810823500FA85AD /* icon-40.png */; };
		7E7966DF1810823500FA85AD /* icon-40@2x.png in Resources */ = {isa = PBXBuildFile; fileRef = 7E7966D51810823500FA85AD /* icon-40@2x.png */; };
		7E7966E01810823500FA85AD /* icon-50.png in Resources */ = {isa = PBXBuildFile; fileRef = 7E7966D61810823500FA85AD /* icon-50.png */; };
		7E7966E11810823500FA85AD /* icon-50@2x.png in Resources */ = {isa = PBXBuildFile; fileRef = 7E7966D71810823500FA85AD /* icon-50@2x.png */; };
		7E7966E21810823500FA85AD /* icon-60.png in Resources */ = {isa = PBXBuildFile; fileRef = 7E7966D81810823500FA85AD /* icon-60.png */; };
		7E7966E31810823500FA85AD /* icon-60@2x.png in Resources */ = {isa = PBXBuildFile; fileRef = 7E7966D91810823500FA85AD /* icon-60@2x.png */; };
		7E7966E41810823500FA85AD /* icon-76.png in Resources */ = {isa = PBXBuildFile; fileRef = 7E7966DA1810823500FA85AD /* icon-76.png */; };
		7E7966E51810823500FA85AD /* icon-76@2x.png in Resources */ = {isa = PBXBuildFile; fileRef = 7E7966DB1810823500FA85AD /* icon-76@2x.png */; };
		7E7966E61810823500FA85AD /* icon-small.png in Resources */ = {isa = PBXBuildFile; fileRef = 7E7966DC1810823500FA85AD /* icon-small.png */; };
		7E7966E71810823500FA85AD /* icon-small@2x.png in Resources */ = {isa = PBXBuildFile; fileRef = 7E7966DD1810823500FA85AD /* icon-small@2x.png */; };
		81A48290394D42D18E383EE8 /* CoreLocation.framework in Frameworks */ = {isa = PBXBuildFile; fileRef = 48944AC06E4440A1A4276D38 /* CoreLocation.framework */; };
		8D9F30165B334F3D91B97166 /* Security.framework in Frameworks */ = {isa = PBXBuildFile; fileRef = 3A6D0DFCA8F54D179ACEA686 /* Security.framework */; };
		8E31B2E5BED040FDAF3DE567 /* MessageUI.framework in Frameworks */ = {isa = PBXBuildFile; fileRef = B34C45FCF7894718ADAD1891 /* MessageUI.framework */; settings = {ATTRIBUTES = (Weak, ); }; };
		91B3D5DDEF404811A0B896B0 /* libc++.dylib in Frameworks */ = {isa = PBXBuildFile; fileRef = 35A8D42B1AF04E7B9C4B8B52 /* libc++.dylib */; };
		939137EBB96E483B91F42DA3 /* CDVFileTransfer.m in Sources */ = {isa = PBXBuildFile; fileRef = 1CC09D2A6CCE48A8B27DBA85 /* CDVFileTransfer.m */; };
		93BCFC738E9A42A7B9E27A90 /* AppAvailability.m in Sources */ = {isa = PBXBuildFile; fileRef = CEFBCBA47D40436EBDDA1FB8 /* AppAvailability.m */; };
		94210096EE3E460CBE9B9C86 /* CDVAssetLibraryFilesystem.m in Sources */ = {isa = PBXBuildFile; fileRef = AD16D04E11DF487396B47FDB /* CDVAssetLibraryFilesystem.m */; };
		9594852C3446449ABD9FD1D5 /* Accelerate.framework in Frameworks */ = {isa = PBXBuildFile; fileRef = 4241EACD3E95471FAAC23949 /* Accelerate.framework */; };
		9BE89D644D0D4F2884FEC243 /* OpenGLES.framework in Frameworks */ = {isa = PBXBuildFile; fileRef = 0156A49A254746C1A8F9B378 /* OpenGLES.framework */; };
		9FD079F44E194606BF5BC5BA /* CDVLocation.m in Sources */ = {isa = PBXBuildFile; fileRef = C5CB0676435F44CDBE74504C /* CDVLocation.m */; };
		A65D9EC1138243199A98A0E7 /* CoreMedia.framework in Frameworks */ = {isa = PBXBuildFile; fileRef = 2CF81733CA4744BFA0AE8F5C /* CoreMedia.framework */; };
		AC70E26FED22419CAC69E401 /* MBProgressHUD.m in Sources */ = {isa = PBXBuildFile; fileRef = 1D0BE53014D041FA8F0A53EE /* MBProgressHUD.m */; };
		AF7811E1FD9B46858E1473F0 /* CDVAccelerometer.m in Sources */ = {isa = PBXBuildFile; fileRef = AEC9EED0C92D4E2095E978E8 /* CDVAccelerometer.m */; };
		BC0C1FD824E94EECB6951641 /* IonicKeyboard.m in Sources */ = {isa = PBXBuildFile; fileRef = 635C71581D484FC78BFB939B /* IonicKeyboard.m */; };
		BC8DDC4A6FD447E29A5667E6 /* libz.dylib in Frameworks */ = {isa = PBXBuildFile; fileRef = 35097AA276A64B80BFE1662A /* libz.dylib */; };
		BFF9160A563D4051806F23E4 /* Social.framework in Frameworks */ = {isa = PBXBuildFile; fileRef = 6074838CD8F540B09901D3A6 /* Social.framework */; settings = {ATTRIBUTES = (Weak, ); }; };
		C38AE519E50A4C4CA3D7CD0F /* libWikitudeSDK.a in Frameworks */ = {isa = PBXBuildFile; fileRef = C1944EF39F7D4DCF91FAC2F3 /* libWikitudeSDK.a */; };
		CA609F5DB2BE4594B954AD15 /* WTARViewController.m in Sources */ = {isa = PBXBuildFile; fileRef = 8EFF95CDA8C4413E908FD70B /* WTARViewController.m */; };
		D4A0D8761607E02300AEF8BB /* Default-568h@2x~iphone.png in Resources */ = {isa = PBXBuildFile; fileRef = D4A0D8751607E02300AEF8BB /* Default-568h@2x~iphone.png */; };
		DA2387EE367E455D927BEBCF /* MediaPlayer.framework in Frameworks */ = {isa = PBXBuildFile; fileRef = E3ACB3989D9D410DB54769C4 /* MediaPlayer.framework */; };
		DF10EA119EBE425FB0A73ADC /* CoreVideo.framework in Frameworks */ = {isa = PBXBuildFile; fileRef = 6C83B497485B45F48B60DF81 /* CoreVideo.framework */; };
		E0473209931445B7B973EF53 /* ProgressIndicator.m in Sources */ = {isa = PBXBuildFile; fileRef = FEC6A39FBF8F46ABACB0AA3D /* ProgressIndicator.m */; };
		E32F1640FAF64CE1A72E74F0 /* CDVSpinnerDialog.m in Sources */ = {isa = PBXBuildFile; fileRef = A51A9DC31CE845D3B9BC6E5B /* CDVSpinnerDialog.m */; };
		EA4240BE54A8465B9674F147 /* SocialSharing.m in Sources */ = {isa = PBXBuildFile; fileRef = 58C709DD5296422F9E3ABD64 /* SocialSharing.m */; };
		EBD85CB436C042958A2B7201 /* UIWebViewExtension.m in Sources */ = {isa = PBXBuildFile; fileRef = 0912D86DF2214F1BB5963C49 /* UIWebViewExtension.m */; };
		FBB8005E59464C2BAD43FFDC /* CDVCompass.m in Sources */ = {isa = PBXBuildFile; fileRef = 814DFF5C54DC4C4987F3B158 /* CDVCompass.m */; };
		FBDF4B0006E74BB7A6A9FBDA /* CDVLogger.m in Sources */ = {isa = PBXBuildFile; fileRef = 40293655CD5C40ED8327B6F1 /* CDVLogger.m */; };
		FC3F25080C5B4F6097FA18E1 /* CoreText.framework in Frameworks */ = {isa = PBXBuildFile; fileRef = BE9FFCF167C94549B3047F5C /* CoreText.framework */; };
		3AABB8007A27414DA3BF23A8 /* CDVConnection.m in Sources */ = {isa = PBXBuildFile; fileRef = 52B22CD8E1DE403AAEA98341 /* CDVConnection.m */; };
		BE97AE8E90D14927B0C7F222 /* CDVReachability.m in Sources */ = {isa = PBXBuildFile; fileRef = D7B661E013AC4B6089C22455 /* CDVReachability.m */; };
		7B136F55951D461284065763 /* CDVGlobalization.m in Sources */ = {isa = PBXBuildFile; fileRef = 2BB310D62FA84A0FB923E158 /* CDVGlobalization.m */; };
		6F4701AD4F634EC5AA8E2814 /* CDVSound.m in Sources */ = {isa = PBXBuildFile; fileRef = 3AC168F689EA44C08680A9C2 /* CDVSound.m */; };
/* End PBXBuildFile section */

/* Begin PBXContainerItemProxy section */
		301BF534109A57CC0062928A /* PBXContainerItemProxy */ = {
			isa = PBXContainerItemProxy;
			containerPortal = 301BF52D109A57CC0062928A /* CordovaLib.xcodeproj */;
			proxyType = 2;
			remoteGlobalIDString = D2AAC07E0554694100DB518D;
			remoteInfo = CordovaLib;
		};
		301BF550109A68C00062928A /* PBXContainerItemProxy */ = {
			isa = PBXContainerItemProxy;
			containerPortal = 301BF52D109A57CC0062928A /* CordovaLib.xcodeproj */;
			proxyType = 1;
			remoteGlobalIDString = D2AAC07D0554694100DB518D;
			remoteInfo = CordovaLib;
		};
/* End PBXContainerItemProxy section */

/* Begin PBXFileReference section */
		0156A49A254746C1A8F9B378 /* OpenGLES.framework */ = {isa = PBXFileReference; fileEncoding = 4; lastKnownFileType = wrapper.framework; name = OpenGLES.framework; path = System/Library/Frameworks/OpenGLES.framework; sourceTree = SDKROOT; };
		0497DE40E19F47B488870592 /* AVFoundation.framework */ = {isa = PBXFileReference; fileEncoding = 4; lastKnownFileType = wrapper.framework; name = AVFoundation.framework; path = System/Library/Frameworks/AVFoundation.framework; sourceTree = SDKROOT; };
		04B1D2699F4D415E89160F38 /* UIKit.framework */ = {isa = PBXFileReference; fileEncoding = 4; lastKnownFileType = wrapper.framework; name = UIKit.framework; path = System/Library/Frameworks/UIKit.framework; sourceTree = SDKROOT; };
		07DC45903EC54A4482010421 /* startApp.h */ = {isa = PBXFileReference; fileEncoding = 4; lastKnownFileType = sourcecode.c.h; name = startApp.h; path = com.lampa.startapp/startApp.h; sourceTree = "<group>"; };
		0912D86DF2214F1BB5963C49 /* UIWebViewExtension.m */ = {isa = PBXFileReference; fileEncoding = 4; lastKnownFileType = sourcecode.c.objc; name = UIWebViewExtension.m; path = com.ionic.keyboard/UIWebViewExtension.m; sourceTree = "<group>"; };
		0EB72681BA0B4C979E362617 /* Foundation.framework */ = {isa = PBXFileReference; fileEncoding = 4; lastKnownFileType = wrapper.framework; name = Foundation.framework; path = System/Library/Frameworks/Foundation.framework; sourceTree = SDKROOT; };
		122D178C6AF14C1E87B22467 /* WTWikitudePlugin.m */ = {isa = PBXFileReference; fileEncoding = 4; lastKnownFileType = sourcecode.c.objc; name = WTWikitudePlugin.m; path = com.wikitude.phonegap.WikitudePlugin/WTWikitudePlugin.m; sourceTree = "<group>"; };
		12308675488F45EAA62A5D9A /* QuartzCore.framework */ = {isa = PBXFileReference; fileEncoding = 4; lastKnownFileType = wrapper.framework; name = QuartzCore.framework; path = System/Library/Frameworks/QuartzCore.framework; sourceTree = SDKROOT; };
		133A141CF2FB481C9B8D96C4 /* IonicKeyboard.h */ = {isa = PBXFileReference; fileEncoding = 4; lastKnownFileType = sourcecode.c.h; name = IonicKeyboard.h; path = com.ionic.keyboard/IonicKeyboard.h; sourceTree = "<group>"; };
		1CC09D2A6CCE48A8B27DBA85 /* CDVFileTransfer.m */ = {isa = PBXFileReference; fileEncoding = 4; lastKnownFileType = sourcecode.c.objc; name = CDVFileTransfer.m; path = "org.apache.cordova.file-transfer/CDVFileTransfer.m"; sourceTree = "<group>"; };
		1D0BE53014D041FA8F0A53EE /* MBProgressHUD.m */ = {isa = PBXFileReference; fileEncoding = 4; lastKnownFileType = sourcecode.c.objc; name = MBProgressHUD.m; path = org.pbernasconi.progressindicator/MBProgressHUD.m; sourceTree = "<group>"; };
		1D3623240D0F684500981E51 /* AppDelegate.h */ = {isa = PBXFileReference; fileEncoding = 4; lastKnownFileType = sourcecode.c.h; path = AppDelegate.h; sourceTree = "<group>"; };
		1D3623250D0F684500981E51 /* AppDelegate.m */ = {isa = PBXFileReference; fileEncoding = 4; lastKnownFileType = sourcecode.c.objc; path = AppDelegate.m; sourceTree = "<group>"; };
		1D6058910D05DD3D006BFB54 /* GAL Leuca.app */ = {isa = PBXFileReference; explicitFileType = wrapper.application; includeInIndex = 0; path = "GAL Leuca.app"; sourceTree = BUILT_PRODUCTS_DIR; };
		1F43DB6585E84E79AA229558 /* CDVSplashScreen.h */ = {isa = PBXFileReference; fileEncoding = 4; lastKnownFileType = sourcecode.c.h; name = CDVSplashScreen.h; path = "cordova-plugin-splashscreen/CDVSplashScreen.h"; sourceTree = "<group>"; };
		21D6130E57D14A25BBD73424 /* CDVDevice.h */ = {isa = PBXFileReference; fileEncoding = 4; lastKnownFileType = sourcecode.c.h; name = CDVDevice.h; path = "cordova-plugin-device/CDVDevice.h"; sourceTree = "<group>"; };
		288765FC0DF74451002DB57D /* CoreGraphics.framework */ = {isa = PBXFileReference; lastKnownFileType = wrapper.framework; name = CoreGraphics.framework; path = System/Library/Frameworks/CoreGraphics.framework; sourceTree = SDKROOT; };
		29B97316FDCFA39411CA2CEA /* main.m */ = {isa = PBXFileReference; fileEncoding = 4; lastKnownFileType = sourcecode.c.objc; path = main.m; sourceTree = "<group>"; };
		2CF81733CA4744BFA0AE8F5C /* CoreMedia.framework */ = {isa = PBXFileReference; fileEncoding = 4; lastKnownFileType = wrapper.framework; name = CoreMedia.framework; path = System/Library/Frameworks/CoreMedia.framework; sourceTree = SDKROOT; };
		2FE640DD6D12470C906F6703 /* CDVNotification.h */ = {isa = PBXFileReference; fileEncoding = 4; lastKnownFileType = sourcecode.c.h; name = CDVNotification.h; path = "cordova-plugin-dialogs/CDVNotification.h"; sourceTree = "<group>"; };
		301BF52D109A57CC0062928A /* CordovaLib.xcodeproj */ = {isa = PBXFileReference; lastKnownFileType = "wrapper.pb-project"; name = CordovaLib.xcodeproj; path = CordovaLib/CordovaLib.xcodeproj; sourceTree = "<group>"; };
		301BF56E109A69640062928A /* www */ = {isa = PBXFileReference; lastKnownFileType = folder; path = www; sourceTree = SOURCE_ROOT; };
		302D95EE14D2391D003F00A1 /* MainViewController.h */ = {isa = PBXFileReference; fileEncoding = 4; lastKnownFileType = sourcecode.c.h; path = MainViewController.h; sourceTree = "<group>"; };
		302D95EF14D2391D003F00A1 /* MainViewController.m */ = {isa = PBXFileReference; fileEncoding = 4; lastKnownFileType = sourcecode.c.objc; path = MainViewController.m; sourceTree = "<group>"; };
		302D95F014D2391D003F00A1 /* MainViewController.xib */ = {isa = PBXFileReference; fileEncoding = 4; lastKnownFileType = file.xib; path = MainViewController.xib; sourceTree = "<group>"; };
		305D5FD0115AB8F900A74A75 /* MobileCoreServices.framework */ = {isa = PBXFileReference; lastKnownFileType = wrapper.framework; name = MobileCoreServices.framework; path = System/Library/Frameworks/MobileCoreServices.framework; sourceTree = SDKROOT; };
		3088BBB7154F3926009F9C59 /* Default-Landscape@2x~ipad.png */ = {isa = PBXFileReference; lastKnownFileType = image.png; path = "Default-Landscape@2x~ipad.png"; sourceTree = "<group>"; };
		3088BBB8154F3926009F9C59 /* Default-Landscape~ipad.png */ = {isa = PBXFileReference; lastKnownFileType = image.png; path = "Default-Landscape~ipad.png"; sourceTree = "<group>"; };
		3088BBB9154F3926009F9C59 /* Default-Portrait@2x~ipad.png */ = {isa = PBXFileReference; lastKnownFileType = image.png; path = "Default-Portrait@2x~ipad.png"; sourceTree = "<group>"; };
		3088BBBA154F3926009F9C59 /* Default-Portrait~ipad.png */ = {isa = PBXFileReference; lastKnownFileType = image.png; path = "Default-Portrait~ipad.png"; sourceTree = "<group>"; };
		3088BBBB154F3926009F9C59 /* Default@2x~iphone.png */ = {isa = PBXFileReference; lastKnownFileType = image.png; path = "Default@2x~iphone.png"; sourceTree = "<group>"; };
		3088BBBC154F3926009F9C59 /* Default~iphone.png */ = {isa = PBXFileReference; lastKnownFileType = image.png; path = "Default~iphone.png"; sourceTree = "<group>"; };
		308D052E1370CCF300D202BF /* icon-72.png */ = {isa = PBXFileReference; lastKnownFileType = image.png; path = "icon-72.png"; sourceTree = "<group>"; };
		308D052F1370CCF300D202BF /* icon.png */ = {isa = PBXFileReference; lastKnownFileType = image.png; path = icon.png; sourceTree = "<group>"; };
		308D05301370CCF300D202BF /* icon@2x.png */ = {isa = PBXFileReference; lastKnownFileType = image.png; path = "icon@2x.png"; sourceTree = "<group>"; };
		30B4F2FD19D5E07200D9F7D8 /* Default-667h.png */ = {isa = PBXFileReference; lastKnownFileType = image.png; path = "Default-667h.png"; sourceTree = "<group>"; };
		30B4F2FE19D5E07200D9F7D8 /* Default-736h.png */ = {isa = PBXFileReference; lastKnownFileType = image.png; path = "Default-736h.png"; sourceTree = "<group>"; };
		30B4F2FF19D5E07200D9F7D8 /* Default-Landscape-736h.png */ = {isa = PBXFileReference; lastKnownFileType = image.png; path = "Default-Landscape-736h.png"; sourceTree = "<group>"; };
		30C1856519D5FC0A00212699 /* icon-60@3x.png */ = {isa = PBXFileReference; lastKnownFileType = image.png; path = "icon-60@3x.png"; sourceTree = "<group>"; };
		30FC414816E50CA1004E6F35 /* icon-72@2x.png */ = {isa = PBXFileReference; lastKnownFileType = image.png; path = "icon-72@2x.png"; sourceTree = "<group>"; };
		329850943E5C4661AA007F25 /* AudioToolbox.framework */ = {isa = PBXFileReference; fileEncoding = 4; lastKnownFileType = wrapper.framework; name = AudioToolbox.framework; path = System/Library/Frameworks/AudioToolbox.framework; sourceTree = SDKROOT; };
		32CA4F630368D1EE00C91783 /* GAL Leuca-Prefix.pch */ = {isa = PBXFileReference; fileEncoding = 4; lastKnownFileType = sourcecode.c.h; path = "GAL Leuca-Prefix.pch"; sourceTree = "<group>"; };
		35097AA276A64B80BFE1662A /* libz.dylib */ = {isa = PBXFileReference; fileEncoding = 4; lastKnownFileType = "compiled.mach-o.dylib"; name = libz.dylib; path = usr/lib/libz.dylib; sourceTree = SDKROOT; };
		35A8D42B1AF04E7B9C4B8B52 /* libc++.dylib */ = {isa = PBXFileReference; fileEncoding = 4; lastKnownFileType = "compiled.mach-o.dylib"; name = "libc++.dylib"; path = "usr/lib/libc++.dylib"; sourceTree = SDKROOT; };
		36F0F15E8FA345428F9CD3BA /* AppAvailability.h */ = {isa = PBXFileReference; fileEncoding = 4; lastKnownFileType = sourcecode.c.h; name = AppAvailability.h; path = "cordova-plugin-appavailability/AppAvailability.h"; sourceTree = "<group>"; };
		3A6D0DFCA8F54D179ACEA686 /* Security.framework */ = {isa = PBXFileReference; fileEncoding = 4; lastKnownFileType = wrapper.framework; name = Security.framework; path = System/Library/Frameworks/Security.framework; sourceTree = SDKROOT; };
		3E6859F0DB7C48C9A0321557 /* startApp.m */ = {isa = PBXFileReference; fileEncoding = 4; lastKnownFileType = sourcecode.c.objc; name = startApp.m; path = com.lampa.startapp/startApp.m; sourceTree = "<group>"; };
		40293655CD5C40ED8327B6F1 /* CDVLogger.m */ = {isa = PBXFileReference; fileEncoding = 4; lastKnownFileType = sourcecode.c.objc; name = CDVLogger.m; path = org.apache.cordova.console/CDVLogger.m; sourceTree = "<group>"; };
		4241EACD3E95471FAAC23949 /* Accelerate.framework */ = {isa = PBXFileReference; fileEncoding = 4; lastKnownFileType = wrapper.framework; name = Accelerate.framework; path = System/Library/Frameworks/Accelerate.framework; sourceTree = SDKROOT; };
		477D7EEBBF3C468AB9600368 /* CDVLocalFilesystem.m */ = {isa = PBXFileReference; fileEncoding = 4; lastKnownFileType = sourcecode.c.objc; name = CDVLocalFilesystem.m; path = org.apache.cordova.file/CDVLocalFilesystem.m; sourceTree = "<group>"; };
		48944AC06E4440A1A4276D38 /* CoreLocation.framework */ = {isa = PBXFileReference; fileEncoding = 4; lastKnownFileType = wrapper.framework; name = CoreLocation.framework; path = System/Library/Frameworks/CoreLocation.framework; sourceTree = SDKROOT; };
		4CAC6B19DCB147EEB14E40C4 /* CDVFile.m */ = {isa = PBXFileReference; fileEncoding = 4; lastKnownFileType = sourcecode.c.objc; name = CDVFile.m; path = org.apache.cordova.file/CDVFile.m; sourceTree = "<group>"; };
		4D5012CF737A4A66BB3CEC48 /* SystemConfiguration.framework */ = {isa = PBXFileReference; fileEncoding = 4; lastKnownFileType = wrapper.framework; name = SystemConfiguration.framework; path = System/Library/Frameworks/SystemConfiguration.framework; sourceTree = SDKROOT; };
		4DC3291B266B4FDFBE07FA9A /* CDVViewController+SplashScreen.m */ = {isa = PBXFileReference; fileEncoding = 4; lastKnownFileType = sourcecode.c.objc; name = "CDVViewController+SplashScreen.m"; path = "cordova-plugin-splashscreen/CDVViewController+SplashScreen.m"; sourceTree = "<group>"; };
		58C709DD5296422F9E3ABD64 /* SocialSharing.m */ = {isa = PBXFileReference; fileEncoding = 4; lastKnownFileType = sourcecode.c.objc; name = SocialSharing.m; path = "nl.x-services.plugins.socialsharing/SocialSharing.m"; sourceTree = "<group>"; };
		596ED725217049B28CA00CE2 /* CDVFile.h */ = {isa = PBXFileReference; fileEncoding = 4; lastKnownFileType = sourcecode.c.h; name = CDVFile.h; path = org.apache.cordova.file/CDVFile.h; sourceTree = "<group>"; };
		5B1594DC16A7569C00FEF299 /* AssetsLibrary.framework */ = {isa = PBXFileReference; lastKnownFileType = wrapper.framework; name = AssetsLibrary.framework; path = System/Library/Frameworks/AssetsLibrary.framework; sourceTree = SDKROOT; };
		6074838CD8F540B09901D3A6 /* Social.framework */ = {isa = PBXFileReference; fileEncoding = 4; lastKnownFileType = wrapper.framework; name = Social.framework; path = System/Library/Frameworks/Social.framework; sourceTree = SDKROOT; };
		635C71581D484FC78BFB939B /* IonicKeyboard.m */ = {isa = PBXFileReference; fileEncoding = 4; lastKnownFileType = sourcecode.c.objc; name = IonicKeyboard.m; path = com.ionic.keyboard/IonicKeyboard.m; sourceTree = "<group>"; };
		6C83B497485B45F48B60DF81 /* CoreVideo.framework */ = {isa = PBXFileReference; fileEncoding = 4; lastKnownFileType = wrapper.framework; name = CoreVideo.framework; path = System/Library/Frameworks/CoreVideo.framework; sourceTree = SDKROOT; };
		6F56DD1ABD4647DDA923E2FD /* CDVLogger.h */ = {isa = PBXFileReference; fileEncoding = 4; lastKnownFileType = sourcecode.c.h; name = CDVLogger.h; path = org.apache.cordova.console/CDVLogger.h; sourceTree = "<group>"; };
		71E2CB8218354D6188DE1788 /* CDVNotification.bundle */ = {isa = PBXFileReference; lastKnownFileType = "wrapper.plug-in"; path = CDVNotification.bundle; sourceTree = "<group>"; };
		79063F5CE31E4B078902581D /* WTWikitudePlugin.h */ = {isa = PBXFileReference; fileEncoding = 4; lastKnownFileType = sourcecode.c.h; name = WTWikitudePlugin.h; path = com.wikitude.phonegap.WikitudePlugin/WTWikitudePlugin.h; sourceTree = "<group>"; };
		7AA81C5A46FA4A66A856C31E /* ProgressIndicator.bundle */ = {isa = PBXFileReference; lastKnownFileType = "wrapper.plug-in"; path = ProgressIndicator.bundle; sourceTree = "<group>"; };
		7AD9CDAB7AF74487B4695C33 /* WTNavigation.h */ = {isa = PBXFileReference; fileEncoding = 4; lastKnownFileType = sourcecode.c.h; name = WTNavigation.h; path = com.wikitude.phonegap.WikitudePlugin/WTNavigation.h; sourceTree = "<group>"; };
		7E7966D41810823500FA85AD /* icon-40.png */ = {isa = PBXFileReference; lastKnownFileType = image.png; path = "icon-40.png"; sourceTree = "<group>"; };
		7E7966D51810823500FA85AD /* icon-40@2x.png */ = {isa = PBXFileReference; lastKnownFileType = image.png; path = "icon-40@2x.png"; sourceTree = "<group>"; };
		7E7966D61810823500FA85AD /* icon-50.png */ = {isa = PBXFileReference; lastKnownFileType = image.png; path = "icon-50.png"; sourceTree = "<group>"; };
		7E7966D71810823500FA85AD /* icon-50@2x.png */ = {isa = PBXFileReference; lastKnownFileType = image.png; path = "icon-50@2x.png"; sourceTree = "<group>"; };
		7E7966D81810823500FA85AD /* icon-60.png */ = {isa = PBXFileReference; lastKnownFileType = image.png; path = "icon-60.png"; sourceTree = "<group>"; };
		7E7966D91810823500FA85AD /* icon-60@2x.png */ = {isa = PBXFileReference; lastKnownFileType = image.png; path = "icon-60@2x.png"; sourceTree = "<group>"; };
		7E7966DA1810823500FA85AD /* icon-76.png */ = {isa = PBXFileReference; lastKnownFileType = image.png; path = "icon-76.png"; sourceTree = "<group>"; };
		7E7966DB1810823500FA85AD /* icon-76@2x.png */ = {isa = PBXFileReference; lastKnownFileType = image.png; path = "icon-76@2x.png"; sourceTree = "<group>"; };
		7E7966DC1810823500FA85AD /* icon-small.png */ = {isa = PBXFileReference; lastKnownFileType = image.png; path = "icon-small.png"; sourceTree = "<group>"; };
		7E7966DD1810823500FA85AD /* icon-small@2x.png */ = {isa = PBXFileReference; lastKnownFileType = image.png; path = "icon-small@2x.png"; sourceTree = "<group>"; };
		814DFF5C54DC4C4987F3B158 /* CDVCompass.m */ = {isa = PBXFileReference; fileEncoding = 4; lastKnownFileType = sourcecode.c.objc; name = CDVCompass.m; path = "cordova-plugin-device-orientation/CDVCompass.m"; sourceTree = "<group>"; };
		8478AD4C2B6940E7ACE34B5C /* CoreMotion.framework */ = {isa = PBXFileReference; fileEncoding = 4; lastKnownFileType = wrapper.framework; name = CoreMotion.framework; path = System/Library/Frameworks/CoreMotion.framework; sourceTree = SDKROOT; };
		8584997900F048F8AE42DFCB /* CDVDevice.m */ = {isa = PBXFileReference; fileEncoding = 4; lastKnownFileType = sourcecode.c.objc; name = CDVDevice.m; path = "cordova-plugin-device/CDVDevice.m"; sourceTree = "<group>"; };
		86D258CCB33C4F8893CD937C /* WTStartupConfiguration.h */ = {isa = PBXFileReference; fileEncoding = 4; lastKnownFileType = sourcecode.c.h; name = WTStartupConfiguration.h; path = com.wikitude.phonegap.WikitudePlugin/WTStartupConfiguration.h; sourceTree = "<group>"; };
		8C455D1FEE9D4108A817B283 /* UIWebViewExtension.h */ = {isa = PBXFileReference; fileEncoding = 4; lastKnownFileType = sourcecode.c.h; name = UIWebViewExtension.h; path = com.ionic.keyboard/UIWebViewExtension.h; sourceTree = "<group>"; };
		8D1107310486CEB800E47090 /* GAL Leuca-Info.plist */ = {isa = PBXFileReference; fileEncoding = 4; lastKnownFileType = text.plist.xml; name = "GAL Leuca-Info.plist"; path = "../GAL Leuca-Info.plist"; plistStructureDefinitionIdentifier = "com.apple.xcode.plist.structure-definition.iphone.info-plist"; sourceTree = "<group>"; };
		8DEB1A721A544ADFB5A98A13 /* SocialSharing.h */ = {isa = PBXFileReference; fileEncoding = 4; lastKnownFileType = sourcecode.c.h; name = SocialSharing.h; path = "nl.x-services.plugins.socialsharing/SocialSharing.h"; sourceTree = "<group>"; };
		8EFF95CDA8C4413E908FD70B /* WTARViewController.m */ = {isa = PBXFileReference; fileEncoding = 4; lastKnownFileType = sourcecode.c.objc; name = WTARViewController.m; path = com.wikitude.phonegap.WikitudePlugin/WTARViewController.m; sourceTree = "<group>"; };
		91058CBB86FC4A41BB741FF8 /* MBProgressHUD.h */ = {isa = PBXFileReference; fileEncoding = 4; lastKnownFileType = sourcecode.c.h; name = MBProgressHUD.h; path = org.pbernasconi.progressindicator/MBProgressHUD.h; sourceTree = "<group>"; };
		A0B123B30643494598A167F7 /* ProgressIndicator.h */ = {isa = PBXFileReference; fileEncoding = 4; lastKnownFileType = sourcecode.c.h; name = ProgressIndicator.h; path = org.pbernasconi.progressindicator/ProgressIndicator.h; sourceTree = "<group>"; };
		A51A9DC31CE845D3B9BC6E5B /* CDVSpinnerDialog.m */ = {isa = PBXFileReference; fileEncoding = 4; lastKnownFileType = sourcecode.c.objc; name = CDVSpinnerDialog.m; path = hu.dpal.phonegap.plugins.SpinnerDialog/CDVSpinnerDialog.m; sourceTree = "<group>"; };
		A5E9D5694C6D45BABFD57CDA /* WTARViewController.h */ = {isa = PBXFileReference; fileEncoding = 4; lastKnownFileType = sourcecode.c.h; name = WTARViewController.h; path = com.wikitude.phonegap.WikitudePlugin/WTARViewController.h; sourceTree = "<group>"; };
		A6E5B62815B741B784261282 /* CDVNotification.m */ = {isa = PBXFileReference; fileEncoding = 4; lastKnownFileType = sourcecode.c.objc; name = CDVNotification.m; path = "cordova-plugin-dialogs/CDVNotification.m"; sourceTree = "<group>"; };
		ACD91E1F8D7248E19FB8AEFF /* CDVBackgroundGeoLocation.m */ = {isa = PBXFileReference; fileEncoding = 4; lastKnownFileType = sourcecode.c.objc; name = CDVBackgroundGeoLocation.m; path = "org.transistorsoft.cordova.background-geolocation/CDVBackgroundGeoLocation.m"; sourceTree = "<group>"; };
		AD16D04E11DF487396B47FDB /* CDVAssetLibraryFilesystem.m */ = {isa = PBXFileReference; fileEncoding = 4; lastKnownFileType = sourcecode.c.objc; name = CDVAssetLibraryFilesystem.m; path = org.apache.cordova.file/CDVAssetLibraryFilesystem.m; sourceTree = "<group>"; };
		AD86A7DA251E45A29F846E02 /* CDVLocation.h */ = {isa = PBXFileReference; fileEncoding = 4; lastKnownFileType = sourcecode.c.h; name = CDVLocation.h; path = "cordova-plugin-geolocation/CDVLocation.h"; sourceTree = "<group>"; };
		AEC9EED0C92D4E2095E978E8 /* CDVAccelerometer.m */ = {isa = PBXFileReference; fileEncoding = 4; lastKnownFileType = sourcecode.c.objc; name = CDVAccelerometer.m; path = "cordova-plugin-device-motion/CDVAccelerometer.m"; sourceTree = "<group>"; };
		AF1F3354FA7047BD86A15532 /* CDVSpinnerDialog.h */ = {isa = PBXFileReference; fileEncoding = 4; lastKnownFileType = sourcecode.c.h; name = CDVSpinnerDialog.h; path = hu.dpal.phonegap.plugins.SpinnerDialog/CDVSpinnerDialog.h; sourceTree = "<group>"; };
		B1627BF647D946A1A54A9296 /* CDVAssetLibraryFilesystem.h */ = {isa = PBXFileReference; fileEncoding = 4; lastKnownFileType = sourcecode.c.h; name = CDVAssetLibraryFilesystem.h; path = org.apache.cordova.file/CDVAssetLibraryFilesystem.h; sourceTree = "<group>"; };
		B34C45FCF7894718ADAD1891 /* MessageUI.framework */ = {isa = PBXFileReference; fileEncoding = 4; lastKnownFileType = wrapper.framework; name = MessageUI.framework; path = System/Library/Frameworks/MessageUI.framework; sourceTree = SDKROOT; };
		BE9FFCF167C94549B3047F5C /* CoreText.framework */ = {isa = PBXFileReference; fileEncoding = 4; lastKnownFileType = wrapper.framework; name = CoreText.framework; path = System/Library/Frameworks/CoreText.framework; sourceTree = SDKROOT; };
		BFE3C85210004DE3B7A97B15 /* CDVLocalFilesystem.h */ = {isa = PBXFileReference; fileEncoding = 4; lastKnownFileType = sourcecode.c.h; name = CDVLocalFilesystem.h; path = org.apache.cordova.file/CDVLocalFilesystem.h; sourceTree = "<group>"; };
		C1944EF39F7D4DCF91FAC2F3 /* libWikitudeSDK.a */ = {isa = PBXFileReference; fileEncoding = 4; lastKnownFileType = archive.ar; name = libWikitudeSDK.a; path = "GAL Leuca/Plugins/com.wikitude.phonegap.WikitudePlugin/libWikitudeSDK.a"; sourceTree = "<group>"; };
		C5CB0676435F44CDBE74504C /* CDVLocation.m */ = {isa = PBXFileReference; fileEncoding = 4; lastKnownFileType = sourcecode.c.objc; name = CDVLocation.m; path = "cordova-plugin-geolocation/CDVLocation.m"; sourceTree = "<group>"; };
		C7597EF33D66451EA68CA558 /* CDVAccelerometer.h */ = {isa = PBXFileReference; fileEncoding = 4; lastKnownFileType = sourcecode.c.h; name = CDVAccelerometer.h; path = "cordova-plugin-device-motion/CDVAccelerometer.h"; sourceTree = "<group>"; };
		CEFBCBA47D40436EBDDA1FB8 /* AppAvailability.m */ = {isa = PBXFileReference; fileEncoding = 4; lastKnownFileType = sourcecode.c.objc; name = AppAvailability.m; path = "cordova-plugin-appavailability/AppAvailability.m"; sourceTree = "<group>"; };
		D28F8432E7994E1EBA7EF531 /* CDVCompass.h */ = {isa = PBXFileReference; fileEncoding = 4; lastKnownFileType = sourcecode.c.h; name = CDVCompass.h; path = "cordova-plugin-device-orientation/CDVCompass.h"; sourceTree = "<group>"; };
		D37971BDDF294CE1AC342C08 /* WTArchitectViewDebugDelegate.h */ = {isa = PBXFileReference; fileEncoding = 4; lastKnownFileType = sourcecode.c.h; name = WTArchitectViewDebugDelegate.h; path = com.wikitude.phonegap.WikitudePlugin/WTArchitectViewDebugDelegate.h; sourceTree = "<group>"; };
		D4A0D8751607E02300AEF8BB /* Default-568h@2x~iphone.png */ = {isa = PBXFileReference; lastKnownFileType = image.png; path = "Default-568h@2x~iphone.png"; sourceTree = "<group>"; };
		D4ADA99D9DB345A6B00135AF /* CFNetwork.framework */ = {isa = PBXFileReference; fileEncoding = 4; lastKnownFileType = wrapper.framework; name = CFNetwork.framework; path = System/Library/Frameworks/CFNetwork.framework; sourceTree = SDKROOT; };
		E3ACB3989D9D410DB54769C4 /* MediaPlayer.framework */ = {isa = PBXFileReference; fileEncoding = 4; lastKnownFileType = wrapper.framework; name = MediaPlayer.framework; path = System/Library/Frameworks/MediaPlayer.framework; sourceTree = SDKROOT; };
		E7560C4383C144F0A8BF5BEA /* CDVSplashScreen.m */ = {isa = PBXFileReference; fileEncoding = 4; lastKnownFileType = sourcecode.c.objc; name = CDVSplashScreen.m; path = "cordova-plugin-splashscreen/CDVSplashScreen.m"; sourceTree = "<group>"; };
		EB87FDF21871DA7A0020F90C /* merges */ = {isa = PBXFileReference; lastKnownFileType = folder; name = merges; path = ../../merges; sourceTree = "<group>"; };
		EB87FDF31871DA8E0020F90C /* www */ = {isa = PBXFileReference; lastKnownFileType = folder; name = www; path = ../../www; sourceTree = "<group>"; };
		EB87FDF41871DAF40020F90C /* config.xml */ = {isa = PBXFileReference; lastKnownFileType = text.xml; name = config.xml; path = ../../config.xml; sourceTree = "<group>"; };
		ECC8C029EFFF4E24B3A58D9E /* CDVViewController+SplashScreen.h */ = {isa = PBXFileReference; fileEncoding = 4; lastKnownFileType = sourcecode.c.h; name = "CDVViewController+SplashScreen.h"; path = "cordova-plugin-splashscreen/CDVViewController+SplashScreen.h"; sourceTree = "<group>"; };
		EE5D95F3DC934B2BA75F13A0 /* CDVFileTransfer.h */ = {isa = PBXFileReference; fileEncoding = 4; lastKnownFileType = sourcecode.c.h; name = CDVFileTransfer.h; path = "org.apache.cordova.file-transfer/CDVFileTransfer.h"; sourceTree = "<group>"; };
		F04C9E5939954B9A87D1BEF1 /* WikitudeSDK.h */ = {isa = PBXFileReference; fileEncoding = 4; lastKnownFileType = sourcecode.c.h; name = WikitudeSDK.h; path = com.wikitude.phonegap.WikitudePlugin/WikitudeSDK.h; sourceTree = "<group>"; };
		F455528BBB42424FB48167D9 /* CDVBackgroundGeoLocation.h */ = {isa = PBXFileReference; fileEncoding = 4; lastKnownFileType = sourcecode.c.h; name = CDVBackgroundGeoLocation.h; path = "org.transistorsoft.cordova.background-geolocation/CDVBackgroundGeoLocation.h"; sourceTree = "<group>"; };
		F840E1F0165FE0F500CFE078 /* config.xml */ = {isa = PBXFileReference; lastKnownFileType = text.xml; name = config.xml; path = "GAL Leuca/config.xml"; sourceTree = "<group>"; };
		FEC6A39FBF8F46ABACB0AA3D /* ProgressIndicator.m */ = {isa = PBXFileReference; fileEncoding = 4; lastKnownFileType = sourcecode.c.objc; name = ProgressIndicator.m; path = org.pbernasconi.progressindicator/ProgressIndicator.m; sourceTree = "<group>"; };
		FF24E9BFB2E04BFDA083AD22 /* WTArchitectView.h */ = {isa = PBXFileReference; fileEncoding = 4; lastKnownFileType = sourcecode.c.h; name = WTArchitectView.h; path = com.wikitude.phonegap.WikitudePlugin/WTArchitectView.h; sourceTree = "<group>"; };
		52B22CD8E1DE403AAEA98341 /* CDVConnection.m */ = {isa = PBXFileReference; lastKnownFileType = sourcecode.c.objc; name = "CDVConnection.m"; path = "org.apache.cordova.network-information/CDVConnection.m"; sourceTree = "<group>"; fileEncoding = 4; };
		D7B661E013AC4B6089C22455 /* CDVReachability.m */ = {isa = PBXFileReference; lastKnownFileType = sourcecode.c.objc; name = "CDVReachability.m"; path = "org.apache.cordova.network-information/CDVReachability.m"; sourceTree = "<group>"; fileEncoding = 4; };
		5AF9B0F4F66F4521A85C9D12 /* CDVConnection.h */ = {isa = PBXFileReference; lastKnownFileType = sourcecode.c.h; name = "CDVConnection.h"; path = "org.apache.cordova.network-information/CDVConnection.h"; sourceTree = "<group>"; fileEncoding = 4; };
		D089AC1F63884BE783D8B5FC /* CDVReachability.h */ = {isa = PBXFileReference; lastKnownFileType = sourcecode.c.h; name = "CDVReachability.h"; path = "org.apache.cordova.network-information/CDVReachability.h"; sourceTree = "<group>"; fileEncoding = 4; };
		2BB310D62FA84A0FB923E158 /* CDVGlobalization.m */ = {isa = PBXFileReference; lastKnownFileType = sourcecode.c.objc; name = "CDVGlobalization.m"; path = "org.apache.cordova.globalization/CDVGlobalization.m"; sourceTree = "<group>"; fileEncoding = 4; };
		D65F53A64FDB47F8BE0BF14F /* CDVGlobalization.h */ = {isa = PBXFileReference; lastKnownFileType = sourcecode.c.h; name = "CDVGlobalization.h"; path = "org.apache.cordova.globalization/CDVGlobalization.h"; sourceTree = "<group>"; fileEncoding = 4; };
		3AC168F689EA44C08680A9C2 /* CDVSound.m */ = {isa = PBXFileReference; lastKnownFileType = sourcecode.c.objc; name = "CDVSound.m"; path = "org.apache.cordova.media/CDVSound.m"; sourceTree = "<group>"; fileEncoding = 4; };
		2B1EEBD0028C4A0F904AE129 /* CDVSound.h */ = {isa = PBXFileReference; lastKnownFileType = sourcecode.c.h; name = "CDVSound.h"; path = "org.apache.cordova.media/CDVSound.h"; sourceTree = "<group>"; fileEncoding = 4; };
/* End PBXFileReference section */

/* Begin PBXFrameworksBuildPhase section */
		1D60588F0D05DD3D006BFB54 /* Frameworks */ = {
			isa = PBXFrameworksBuildPhase;
			buildActionMask = 2147483647;
			files = (
				5B1594DD16A7569C00FEF299 /* AssetsLibrary.framework in Frameworks */,
				301BF552109A68D80062928A /* libCordova.a in Frameworks */,
				288765FD0DF74451002DB57D /* CoreGraphics.framework in Frameworks */,
				305D5FD1115AB8F900A74A75 /* MobileCoreServices.framework in Frameworks */,
				C38AE519E50A4C4CA3D7CD0F /* libWikitudeSDK.a in Frameworks */,
				9594852C3446449ABD9FD1D5 /* Accelerate.framework in Frameworks */,
				327840516CB14693B4D65171 /* AVFoundation.framework in Frameworks */,
				33F41425D94A4D58838ADDF2 /* CFNetwork.framework in Frameworks */,
				81A48290394D42D18E383EE8 /* CoreLocation.framework in Frameworks */,
				A65D9EC1138243199A98A0E7 /* CoreMedia.framework in Frameworks */,
				19D31DF2A2714D3896D377D6 /* CoreMotion.framework in Frameworks */,
				FC3F25080C5B4F6097FA18E1 /* CoreText.framework in Frameworks */,
				DF10EA119EBE425FB0A73ADC /* CoreVideo.framework in Frameworks */,
				1D010B83334E480DB5730238 /* Foundation.framework in Frameworks */,
				DA2387EE367E455D927BEBCF /* MediaPlayer.framework in Frameworks */,
				9BE89D644D0D4F2884FEC243 /* OpenGLES.framework in Frameworks */,
				3E2C4B775E484D718ED9574C /* QuartzCore.framework in Frameworks */,
				8D9F30165B334F3D91B97166 /* Security.framework in Frameworks */,
				19C490ACF3AC4E5183E57149 /* SystemConfiguration.framework in Frameworks */,
				0D180227E9E44F5FA0AD3A4A /* UIKit.framework in Frameworks */,
				91B3D5DDEF404811A0B896B0 /* libc++.dylib in Frameworks */,
				BC8DDC4A6FD447E29A5667E6 /* libz.dylib in Frameworks */,
				28E6A9F09BAA49AA9336A85C /* AudioToolbox.framework in Frameworks */,
				BFF9160A563D4051806F23E4 /* Social.framework in Frameworks */,
				8E31B2E5BED040FDAF3DE567 /* MessageUI.framework in Frameworks */,
			);
			runOnlyForDeploymentPostprocessing = 0;
		};
/* End PBXFrameworksBuildPhase section */

/* Begin PBXGroup section */
		080E96DDFE201D6D7F000001 /* Classes */ = {
			isa = PBXGroup;
			children = (
				302D95EE14D2391D003F00A1 /* MainViewController.h */,
				302D95EF14D2391D003F00A1 /* MainViewController.m */,
				302D95F014D2391D003F00A1 /* MainViewController.xib */,
				1D3623240D0F684500981E51 /* AppDelegate.h */,
				1D3623250D0F684500981E51 /* AppDelegate.m */,
			);
			name = Classes;
			path = "GAL Leuca/Classes";
			sourceTree = SOURCE_ROOT;
		};
		19C28FACFE9D520D11CA2CBB /* Products */ = {
			isa = PBXGroup;
			children = (
				1D6058910D05DD3D006BFB54 /* GAL Leuca.app */,
			);
			name = Products;
			sourceTree = "<group>";
		};
		29B97314FDCFA39411CA2CEA /* CustomTemplate */ = {
			isa = PBXGroup;
			children = (
				EB87FDF41871DAF40020F90C /* config.xml */,
				EB87FDF31871DA8E0020F90C /* www */,
				EB87FDF21871DA7A0020F90C /* merges */,
				EB87FDF11871DA420020F90C /* Staging */,
				301BF52D109A57CC0062928A /* CordovaLib.xcodeproj */,
				080E96DDFE201D6D7F000001 /* Classes */,
				307C750510C5A3420062BCA9 /* Plugins */,
				29B97315FDCFA39411CA2CEA /* Other Sources */,
				29B97317FDCFA39411CA2CEA /* Resources */,
				29B97323FDCFA39411CA2CEA /* Frameworks */,
				19C28FACFE9D520D11CA2CBB /* Products */,
			);
			name = CustomTemplate;
			sourceTree = "<group>";
		};
		29B97315FDCFA39411CA2CEA /* Other Sources */ = {
			isa = PBXGroup;
			children = (
				32CA4F630368D1EE00C91783 /* GAL Leuca-Prefix.pch */,
				29B97316FDCFA39411CA2CEA /* main.m */,
			);
			name = "Other Sources";
			path = "GAL Leuca";
			sourceTree = "<group>";
		};
		29B97317FDCFA39411CA2CEA /* Resources */ = {
			isa = PBXGroup;
			children = (
				308D052D1370CCF300D202BF /* icons */,
				308D05311370CCF300D202BF /* splash */,
				8D1107310486CEB800E47090 /* GAL Leuca-Info.plist */,
				71E2CB8218354D6188DE1788 /* CDVNotification.bundle */,
				7AA81C5A46FA4A66A856C31E /* ProgressIndicator.bundle */,
			);
			name = Resources;
			path = "GAL Leuca/Resources";
			sourceTree = "<group>";
		};
		29B97323FDCFA39411CA2CEA /* Frameworks */ = {
			isa = PBXGroup;
			children = (
				5B1594DC16A7569C00FEF299 /* AssetsLibrary.framework */,
				288765FC0DF74451002DB57D /* CoreGraphics.framework */,
				305D5FD0115AB8F900A74A75 /* MobileCoreServices.framework */,
				C1944EF39F7D4DCF91FAC2F3 /* libWikitudeSDK.a */,
				4241EACD3E95471FAAC23949 /* Accelerate.framework */,
				0497DE40E19F47B488870592 /* AVFoundation.framework */,
				D4ADA99D9DB345A6B00135AF /* CFNetwork.framework */,
				48944AC06E4440A1A4276D38 /* CoreLocation.framework */,
				2CF81733CA4744BFA0AE8F5C /* CoreMedia.framework */,
				8478AD4C2B6940E7ACE34B5C /* CoreMotion.framework */,
				BE9FFCF167C94549B3047F5C /* CoreText.framework */,
				6C83B497485B45F48B60DF81 /* CoreVideo.framework */,
				0EB72681BA0B4C979E362617 /* Foundation.framework */,
				E3ACB3989D9D410DB54769C4 /* MediaPlayer.framework */,
				0156A49A254746C1A8F9B378 /* OpenGLES.framework */,
				12308675488F45EAA62A5D9A /* QuartzCore.framework */,
				3A6D0DFCA8F54D179ACEA686 /* Security.framework */,
				4D5012CF737A4A66BB3CEC48 /* SystemConfiguration.framework */,
				04B1D2699F4D415E89160F38 /* UIKit.framework */,
				35A8D42B1AF04E7B9C4B8B52 /* libc++.dylib */,
				35097AA276A64B80BFE1662A /* libz.dylib */,
				329850943E5C4661AA007F25 /* AudioToolbox.framework */,
				6074838CD8F540B09901D3A6 /* Social.framework */,
				B34C45FCF7894718ADAD1891 /* MessageUI.framework */,
			);
			name = Frameworks;
			sourceTree = "<group>";
		};
		301BF52E109A57CC0062928A /* Products */ = {
			isa = PBXGroup;
			children = (
				301BF535109A57CC0062928A /* libCordova.a */,
			);
			name = Products;
			sourceTree = "<group>";
		};
		307C750510C5A3420062BCA9 /* Plugins */ = {
			isa = PBXGroup;
			children = (
				635C71581D484FC78BFB939B /* IonicKeyboard.m */,
				0912D86DF2214F1BB5963C49 /* UIWebViewExtension.m */,
				133A141CF2FB481C9B8D96C4 /* IonicKeyboard.h */,
				8C455D1FEE9D4108A817B283 /* UIWebViewExtension.h */,
				122D178C6AF14C1E87B22467 /* WTWikitudePlugin.m */,
				8EFF95CDA8C4413E908FD70B /* WTARViewController.m */,
				79063F5CE31E4B078902581D /* WTWikitudePlugin.h */,
				A5E9D5694C6D45BABFD57CDA /* WTARViewController.h */,
				F04C9E5939954B9A87D1BEF1 /* WikitudeSDK.h */,
				FF24E9BFB2E04BFDA083AD22 /* WTArchitectView.h */,
				7AD9CDAB7AF74487B4695C33 /* WTNavigation.h */,
				86D258CCB33C4F8893CD937C /* WTStartupConfiguration.h */,
				D37971BDDF294CE1AC342C08 /* WTArchitectViewDebugDelegate.h */,
				8584997900F048F8AE42DFCB /* CDVDevice.m */,
				21D6130E57D14A25BBD73424 /* CDVDevice.h */,
				AEC9EED0C92D4E2095E978E8 /* CDVAccelerometer.m */,
				C7597EF33D66451EA68CA558 /* CDVAccelerometer.h */,
				814DFF5C54DC4C4987F3B158 /* CDVCompass.m */,
				D28F8432E7994E1EBA7EF531 /* CDVCompass.h */,
				A6E5B62815B741B784261282 /* CDVNotification.m */,
				2FE640DD6D12470C906F6703 /* CDVNotification.h */,
				C5CB0676435F44CDBE74504C /* CDVLocation.m */,
				AD86A7DA251E45A29F846E02 /* CDVLocation.h */,
				E7560C4383C144F0A8BF5BEA /* CDVSplashScreen.m */,
				4DC3291B266B4FDFBE07FA9A /* CDVViewController+SplashScreen.m */,
				1F43DB6585E84E79AA229558 /* CDVSplashScreen.h */,
				ECC8C029EFFF4E24B3A58D9E /* CDVViewController+SplashScreen.h */,
				A51A9DC31CE845D3B9BC6E5B /* CDVSpinnerDialog.m */,
				AF1F3354FA7047BD86A15532 /* CDVSpinnerDialog.h */,
				58C709DD5296422F9E3ABD64 /* SocialSharing.m */,
				8DEB1A721A544ADFB5A98A13 /* SocialSharing.h */,
				40293655CD5C40ED8327B6F1 /* CDVLogger.m */,
				6F56DD1ABD4647DDA923E2FD /* CDVLogger.h */,
				4CAC6B19DCB147EEB14E40C4 /* CDVFile.m */,
				477D7EEBBF3C468AB9600368 /* CDVLocalFilesystem.m */,
				AD16D04E11DF487396B47FDB /* CDVAssetLibraryFilesystem.m */,
				596ED725217049B28CA00CE2 /* CDVFile.h */,
				BFE3C85210004DE3B7A97B15 /* CDVLocalFilesystem.h */,
				B1627BF647D946A1A54A9296 /* CDVAssetLibraryFilesystem.h */,
				1CC09D2A6CCE48A8B27DBA85 /* CDVFileTransfer.m */,
				EE5D95F3DC934B2BA75F13A0 /* CDVFileTransfer.h */,
				1D0BE53014D041FA8F0A53EE /* MBProgressHUD.m */,
				FEC6A39FBF8F46ABACB0AA3D /* ProgressIndicator.m */,
				91058CBB86FC4A41BB741FF8 /* MBProgressHUD.h */,
				A0B123B30643494598A167F7 /* ProgressIndicator.h */,
				ACD91E1F8D7248E19FB8AEFF /* CDVBackgroundGeoLocation.m */,
				F455528BBB42424FB48167D9 /* CDVBackgroundGeoLocation.h */,
				CEFBCBA47D40436EBDDA1FB8 /* AppAvailability.m */,
				36F0F15E8FA345428F9CD3BA /* AppAvailability.h */,
				3E6859F0DB7C48C9A0321557 /* startApp.m */,
				07DC45903EC54A4482010421 /* startApp.h */,
				52B22CD8E1DE403AAEA98341 /* CDVConnection.m */,
				D7B661E013AC4B6089C22455 /* CDVReachability.m */,
				5AF9B0F4F66F4521A85C9D12 /* CDVConnection.h */,
				D089AC1F63884BE783D8B5FC /* CDVReachability.h */,
				2BB310D62FA84A0FB923E158 /* CDVGlobalization.m */,
				D65F53A64FDB47F8BE0BF14F /* CDVGlobalization.h */,
				3AC168F689EA44C08680A9C2 /* CDVSound.m */,
				2B1EEBD0028C4A0F904AE129 /* CDVSound.h */,
			);
			name = Plugins;
			path = "GAL Leuca/Plugins";
			sourceTree = SOURCE_ROOT;
		};
		308D052D1370CCF300D202BF /* icons */ = {
			isa = PBXGroup;
			children = (
				30C1856519D5FC0A00212699 /* icon-60@3x.png */,
				7E7966D41810823500FA85AD /* icon-40.png */,
				7E7966D51810823500FA85AD /* icon-40@2x.png */,
				7E7966D61810823500FA85AD /* icon-50.png */,
				7E7966D71810823500FA85AD /* icon-50@2x.png */,
				7E7966D81810823500FA85AD /* icon-60.png */,
				7E7966D91810823500FA85AD /* icon-60@2x.png */,
				7E7966DA1810823500FA85AD /* icon-76.png */,
				7E7966DB1810823500FA85AD /* icon-76@2x.png */,
				7E7966DC1810823500FA85AD /* icon-small.png */,
				7E7966DD1810823500FA85AD /* icon-small@2x.png */,
				30FC414816E50CA1004E6F35 /* icon-72@2x.png */,
				308D052E1370CCF300D202BF /* icon-72.png */,
				308D052F1370CCF300D202BF /* icon.png */,
				308D05301370CCF300D202BF /* icon@2x.png */,
			);
			path = icons;
			sourceTree = "<group>";
		};
		308D05311370CCF300D202BF /* splash */ = {
			isa = PBXGroup;
			children = (
				30B4F2FD19D5E07200D9F7D8 /* Default-667h.png */,
				30B4F2FE19D5E07200D9F7D8 /* Default-736h.png */,
				30B4F2FF19D5E07200D9F7D8 /* Default-Landscape-736h.png */,
				D4A0D8751607E02300AEF8BB /* Default-568h@2x~iphone.png */,
				3088BBB7154F3926009F9C59 /* Default-Landscape@2x~ipad.png */,
				3088BBB8154F3926009F9C59 /* Default-Landscape~ipad.png */,
				3088BBB9154F3926009F9C59 /* Default-Portrait@2x~ipad.png */,
				3088BBBA154F3926009F9C59 /* Default-Portrait~ipad.png */,
				3088BBBB154F3926009F9C59 /* Default@2x~iphone.png */,
				3088BBBC154F3926009F9C59 /* Default~iphone.png */,
			);
			path = splash;
			sourceTree = "<group>";
		};
		EB87FDF11871DA420020F90C /* Staging */ = {
			isa = PBXGroup;
			children = (
				F840E1F0165FE0F500CFE078 /* config.xml */,
				301BF56E109A69640062928A /* www */,
			);
			name = Staging;
			sourceTree = "<group>";
		};
/* End PBXGroup section */

/* Begin PBXNativeTarget section */
		1D6058900D05DD3D006BFB54 /* GAL Leuca */ = {
			isa = PBXNativeTarget;
			buildConfigurationList = 1D6058960D05DD3E006BFB54 /* Build configuration list for PBXNativeTarget "GAL Leuca" */;
			buildPhases = (
				304B58A110DAC018002A0835 /* Copy www directory */,
				1D60588D0D05DD3D006BFB54 /* Resources */,
				1D60588E0D05DD3D006BFB54 /* Sources */,
				1D60588F0D05DD3D006BFB54 /* Frameworks */,
			);
			buildRules = (
			);
			dependencies = (
				301BF551109A68C00062928A /* PBXTargetDependency */,
			);
			name = "GAL Leuca";
			productName = "GAL Leuca";
			productReference = 1D6058910D05DD3D006BFB54 /* GAL Leuca.app */;
			productType = "com.apple.product-type.application";
		};
/* End PBXNativeTarget section */

/* Begin PBXProject section */
		29B97313FDCFA39411CA2CEA /* Project object */ = {
			isa = PBXProject;
			attributes = {
				LastUpgradeCheck = 510;
			};
			buildConfigurationList = C01FCF4E08A954540054247B /* Build configuration list for PBXProject "GAL Leuca" */;
			compatibilityVersion = "Xcode 3.2";
			developmentRegion = English;
			hasScannedForEncodings = 1;
			knownRegions = (
				English,
				Japanese,
				French,
				German,
				en,
				es,
				de,
				se,
			);
			mainGroup = 29B97314FDCFA39411CA2CEA /* CustomTemplate */;
			projectDirPath = "";
			projectReferences = (
				{
					ProductGroup = 301BF52E109A57CC0062928A /* Products */;
					ProjectRef = 301BF52D109A57CC0062928A /* CordovaLib.xcodeproj */;
				},
			);
			projectRoot = "";
			targets = (
				1D6058900D05DD3D006BFB54 /* GAL Leuca */,
			);
		};
/* End PBXProject section */

/* Begin PBXReferenceProxy section */
		301BF535109A57CC0062928A /* libCordova.a */ = {
			isa = PBXReferenceProxy;
			fileType = archive.ar;
			path = libCordova.a;
			remoteRef = 301BF534109A57CC0062928A /* PBXContainerItemProxy */;
			sourceTree = BUILT_PRODUCTS_DIR;
		};
/* End PBXReferenceProxy section */

/* Begin PBXResourcesBuildPhase section */
		1D60588D0D05DD3D006BFB54 /* Resources */ = {
			isa = PBXResourcesBuildPhase;
			buildActionMask = 2147483647;
			files = (
				7E7966E41810823500FA85AD /* icon-76.png in Resources */,
				7E7966DF1810823500FA85AD /* icon-40@2x.png in Resources */,
				308D05371370CCF300D202BF /* icon-72.png in Resources */,
				30B4F30119D5E07200D9F7D8 /* Default-736h.png in Resources */,
				308D05381370CCF300D202BF /* icon.png in Resources */,
				308D05391370CCF300D202BF /* icon@2x.png in Resources */,
				302D95F214D2391D003F00A1 /* MainViewController.xib in Resources */,
				7E7966E01810823500FA85AD /* icon-50.png in Resources */,
				7E7966E31810823500FA85AD /* icon-60@2x.png in Resources */,
				7E7966E61810823500FA85AD /* icon-small.png in Resources */,
				3088BBBD154F3926009F9C59 /* Default-Landscape@2x~ipad.png in Resources */,
				3088BBBE154F3926009F9C59 /* Default-Landscape~ipad.png in Resources */,
				3088BBBF154F3926009F9C59 /* Default-Portrait@2x~ipad.png in Resources */,
				7E7966E71810823500FA85AD /* icon-small@2x.png in Resources */,
				3088BBC0154F3926009F9C59 /* Default-Portrait~ipad.png in Resources */,
				30B4F30019D5E07200D9F7D8 /* Default-667h.png in Resources */,
				7E7966DE1810823500FA85AD /* icon-40.png in Resources */,
				3088BBC1154F3926009F9C59 /* Default@2x~iphone.png in Resources */,
				7E7966E21810823500FA85AD /* icon-60.png in Resources */,
				3088BBC2154F3926009F9C59 /* Default~iphone.png in Resources */,
				D4A0D8761607E02300AEF8BB /* Default-568h@2x~iphone.png in Resources */,
				30B4F30219D5E07200D9F7D8 /* Default-Landscape-736h.png in Resources */,
				30C1856619D5FC0A00212699 /* icon-60@3x.png in Resources */,
				7E7966E11810823500FA85AD /* icon-50@2x.png in Resources */,
				7E7966E51810823500FA85AD /* icon-76@2x.png in Resources */,
				30FC414916E50CA1004E6F35 /* icon-72@2x.png in Resources */,
				0ABEA448E7F04A899FB2DD48 /* CDVNotification.bundle in Resources */,
				5D7886DEC1154B7CBEEA961B /* ProgressIndicator.bundle in Resources */,
			);
			runOnlyForDeploymentPostprocessing = 0;
		};
/* End PBXResourcesBuildPhase section */

/* Begin PBXShellScriptBuildPhase section */
		304B58A110DAC018002A0835 /* Copy www directory */ = {
			isa = PBXShellScriptBuildPhase;
			buildActionMask = 2147483647;
			files = (
			);
			inputPaths = (
			);
			name = "Copy www directory";
			outputPaths = (
			);
			runOnlyForDeploymentPostprocessing = 0;
			shellPath = /bin/sh;
			shellScript = "NODEJS_PATH=/usr/local/bin; NVM_NODE_PATH=~/.nvm/versions/node/`nvm version 2>/dev/null`/bin; N_NODE_PATH=`find /usr/local/n/versions/node/* -maxdepth 0 -type d 2>/dev/null | tail -1`/bin; XCODE_NODE_PATH=`xcode-select --print-path`/usr/share/xcs/Node/bin; PATH=$NODEJS_PATH:$NVM_NODE_PATH:$N_NODE_PATH:$XCODE_NODE_PATH:$PATH && node cordova/lib/copy-www-build-step.js";
			showEnvVarsInLog = 0;
		};
/* End PBXShellScriptBuildPhase section */

/* Begin PBXSourcesBuildPhase section */
		1D60588E0D05DD3D006BFB54 /* Sources */ = {
			isa = PBXSourcesBuildPhase;
			buildActionMask = 2147483647;
			files = (
				1D60589B0D05DD56006BFB54 /* main.m in Sources */,
				1D3623260D0F684500981E51 /* AppDelegate.m in Sources */,
				302D95F114D2391D003F00A1 /* MainViewController.m in Sources */,
				BC0C1FD824E94EECB6951641 /* IonicKeyboard.m in Sources */,
				EBD85CB436C042958A2B7201 /* UIWebViewExtension.m in Sources */,
				3C6C1310F89E4820A36D2F43 /* WTWikitudePlugin.m in Sources */,
				CA609F5DB2BE4594B954AD15 /* WTARViewController.m in Sources */,
				7955C233AA694564A557FAA1 /* CDVDevice.m in Sources */,
				AF7811E1FD9B46858E1473F0 /* CDVAccelerometer.m in Sources */,
				FBB8005E59464C2BAD43FFDC /* CDVCompass.m in Sources */,
				2FCE13D03F9B4C5DBEC98974 /* CDVNotification.m in Sources */,
				9FD079F44E194606BF5BC5BA /* CDVLocation.m in Sources */,
				3F7DA3850A7B4930BE23CB1C /* CDVSplashScreen.m in Sources */,
				7AD3389CEE2C4577AB05BD06 /* CDVViewController+SplashScreen.m in Sources */,
				E32F1640FAF64CE1A72E74F0 /* CDVSpinnerDialog.m in Sources */,
				EA4240BE54A8465B9674F147 /* SocialSharing.m in Sources */,
				FBDF4B0006E74BB7A6A9FBDA /* CDVLogger.m in Sources */,
				173C8DE856494359858F5CD0 /* CDVFile.m in Sources */,
				2062D828BD134079A2B5D50B /* CDVLocalFilesystem.m in Sources */,
				94210096EE3E460CBE9B9C86 /* CDVAssetLibraryFilesystem.m in Sources */,
				939137EBB96E483B91F42DA3 /* CDVFileTransfer.m in Sources */,
				AC70E26FED22419CAC69E401 /* MBProgressHUD.m in Sources */,
				E0473209931445B7B973EF53 /* ProgressIndicator.m in Sources */,
				6FC32E04767A4E888B6F49D8 /* CDVBackgroundGeoLocation.m in Sources */,
				93BCFC738E9A42A7B9E27A90 /* AppAvailability.m in Sources */,
				5A1609A1D508463D9CF7E3E7 /* startApp.m in Sources */,
				3AABB8007A27414DA3BF23A8 /* CDVConnection.m in Sources */,
				BE97AE8E90D14927B0C7F222 /* CDVReachability.m in Sources */,
				7B136F55951D461284065763 /* CDVGlobalization.m in Sources */,
				6F4701AD4F634EC5AA8E2814 /* CDVSound.m in Sources */,
			);
			runOnlyForDeploymentPostprocessing = 0;
		};
/* End PBXSourcesBuildPhase section */

/* Begin PBXTargetDependency section */
		301BF551109A68C00062928A /* PBXTargetDependency */ = {
			isa = PBXTargetDependency;
			name = CordovaLib;
			targetProxy = 301BF550109A68C00062928A /* PBXContainerItemProxy */;
		};
/* End PBXTargetDependency section */

/* Begin XCBuildConfiguration section */
		1D6058940D05DD3E006BFB54 /* Debug */ = {
			isa = XCBuildConfiguration;
			buildSettings = {
				ALWAYS_SEARCH_USER_PATHS = NO;
				CLANG_ENABLE_OBJC_ARC = YES;
				COPY_PHASE_STRIP = NO;
				GCC_DYNAMIC_NO_PIC = NO;
				GCC_OPTIMIZATION_LEVEL = 0;
				GCC_PRECOMPILE_PREFIX_HEADER = YES;
				GCC_PREFIX_HEADER = "GAL Leuca/GAL Leuca-Prefix.pch";
				GCC_THUMB_SUPPORT = NO;
				GCC_VERSION = "";
				INFOPLIST_FILE = "GAL Leuca/GAL Leuca-Info.plist";
				IPHONEOS_DEPLOYMENT_TARGET = 6.0;
				LIBRARY_SEARCH_PATHS = (
					"$(inherited)",
					"\"$(SRCROOT)/GAL Leuca/Plugins/com.wikitude.phonegap.WikitudePlugin\"",
				);
				OTHER_LDFLAGS = (
					"-weak_framework",
					CoreFoundation,
					"-weak_framework",
					UIKit,
					"-weak_framework",
					AVFoundation,
					"-weak_framework",
					CoreMedia,
					"-weak-lSystem",
					"-ObjC",
				);
				PRODUCT_NAME = "GAL Leuca";
				TARGETED_DEVICE_FAMILY = "1,2";
			};
			name = Debug;
		};
		1D6058950D05DD3E006BFB54 /* Release */ = {
			isa = XCBuildConfiguration;
			buildSettings = {
				ALWAYS_SEARCH_USER_PATHS = NO;
				CLANG_ENABLE_OBJC_ARC = YES;
				COPY_PHASE_STRIP = YES;
				GCC_PRECOMPILE_PREFIX_HEADER = YES;
				GCC_PREFIX_HEADER = "GAL Leuca/GAL Leuca-Prefix.pch";
				GCC_THUMB_SUPPORT = NO;
				GCC_VERSION = "";
				INFOPLIST_FILE = "GAL Leuca/GAL Leuca-Info.plist";
				IPHONEOS_DEPLOYMENT_TARGET = 6.0;
				LIBRARY_SEARCH_PATHS = (
					"$(inherited)",
					"\"$(SRCROOT)/GAL Leuca/Plugins/com.wikitude.phonegap.WikitudePlugin\"",
				);
				OTHER_LDFLAGS = (
					"-weak_framework",
					CoreFoundation,
					"-weak_framework",
					UIKit,
					"-weak_framework",
					AVFoundation,
					"-weak_framework",
					CoreMedia,
					"-weak-lSystem",
					"-ObjC",
				);
				PRODUCT_NAME = "GAL Leuca";
				TARGETED_DEVICE_FAMILY = "1,2";
			};
			name = Release;
		};
		C01FCF4F08A954540054247B /* Debug */ = {
			isa = XCBuildConfiguration;
			buildSettings = {
				CLANG_ENABLE_OBJC_ARC = YES;
				CLANG_WARN_BOOL_CONVERSION = YES;
				CLANG_WARN_CONSTANT_CONVERSION = YES;
				CLANG_WARN_EMPTY_BODY = YES;
				CLANG_WARN_ENUM_CONVERSION = YES;
				CLANG_WARN_INT_CONVERSION = YES;
				CLANG_WARN__DUPLICATE_METHOD_MATCH = YES;
				"CODE_SIGN_IDENTITY[sdk=iphoneos*]" = "iPhone Developer";
				GCC_C_LANGUAGE_STANDARD = c99;
				GCC_THUMB_SUPPORT = NO;
				GCC_VERSION = "";
				GCC_WARN_ABOUT_RETURN_TYPE = YES;
				GCC_WARN_UNDECLARED_SELECTOR = YES;
				GCC_WARN_UNINITIALIZED_AUTOS = YES;
				GCC_WARN_UNUSED_FUNCTION = YES;
				GCC_WARN_UNUSED_VARIABLE = YES;
				HEADER_SEARCH_PATHS = (
					"\"$(TARGET_BUILD_DIR)/usr/local/lib/include\"",
					"\"$(OBJROOT)/UninstalledProducts/include\"",
					"\"$(BUILT_PRODUCTS_DIR)\"",
				);
				IPHONEOS_DEPLOYMENT_TARGET = 6.0;
				ONLY_ACTIVE_ARCH = YES;
				OTHER_LDFLAGS = (
					"-weak_framework",
					CoreFoundation,
					"-weak_framework",
					UIKit,
					"-weak_framework",
					AVFoundation,
					"-weak_framework",
					CoreMedia,
					"-weak-lSystem",
					"-ObjC",
				);
				SDKROOT = iphoneos;
				SKIP_INSTALL = NO;
				USER_HEADER_SEARCH_PATHS = "";
			};
			name = Debug;
		};
		C01FCF5008A954540054247B /* Release */ = {
			isa = XCBuildConfiguration;
			buildSettings = {
				CLANG_ENABLE_OBJC_ARC = YES;
				CLANG_WARN_BOOL_CONVERSION = YES;
				CLANG_WARN_CONSTANT_CONVERSION = YES;
				CLANG_WARN_EMPTY_BODY = YES;
				CLANG_WARN_ENUM_CONVERSION = YES;
				CLANG_WARN_INT_CONVERSION = YES;
				CLANG_WARN__DUPLICATE_METHOD_MATCH = YES;
				"CODE_SIGN_IDENTITY[sdk=iphoneos*]" = "iPhone Developer";
				GCC_C_LANGUAGE_STANDARD = c99;
				GCC_THUMB_SUPPORT = NO;
				GCC_VERSION = "";
				GCC_WARN_ABOUT_RETURN_TYPE = YES;
				GCC_WARN_UNDECLARED_SELECTOR = YES;
				GCC_WARN_UNINITIALIZED_AUTOS = YES;
				GCC_WARN_UNUSED_FUNCTION = YES;
				GCC_WARN_UNUSED_VARIABLE = YES;
				HEADER_SEARCH_PATHS = (
					"\"$(TARGET_BUILD_DIR)/usr/local/lib/include\"",
					"\"$(OBJROOT)/UninstalledProducts/include\"",
					"\"$(BUILT_PRODUCTS_DIR)\"",
				);
				IPHONEOS_DEPLOYMENT_TARGET = 6.0;
				OTHER_LDFLAGS = (
					"-weak_framework",
					CoreFoundation,
					"-weak_framework",
					UIKit,
					"-weak_framework",
					AVFoundation,
					"-weak_framework",
					CoreMedia,
					"-weak-lSystem",
					"-ObjC",
				);
				SDKROOT = iphoneos;
				SKIP_INSTALL = NO;
				USER_HEADER_SEARCH_PATHS = "";
			};
			name = Release;
		};
/* End XCBuildConfiguration section */

/* Begin XCConfigurationList section */
		1D6058960D05DD3E006BFB54 /* Build configuration list for PBXNativeTarget "GAL Leuca" */ = {
			isa = XCConfigurationList;
			buildConfigurations = (
				1D6058940D05DD3E006BFB54 /* Debug */,
				1D6058950D05DD3E006BFB54 /* Release */,
			);
			defaultConfigurationIsVisible = 0;
			defaultConfigurationName = Release;
		};
		C01FCF4E08A954540054247B /* Build configuration list for PBXProject "GAL Leuca" */ = {
			isa = XCConfigurationList;
			buildConfigurations = (
				C01FCF4F08A954540054247B /* Debug */,
				C01FCF5008A954540054247B /* Release */,
			);
			defaultConfigurationIsVisible = 0;
			defaultConfigurationName = Release;
		};
/* End XCConfigurationList section */
	};
	rootObject = 29B97313FDCFA39411CA2CEA /* Project object */;
}
